// !$*UTF8*$!
{
	archiveVersion = 1;
	classes = {
	};
	objectVersion = 52;
	objects = {

/* Begin PBXBuildFile section */
		D5022904265ABFFA00535EF8 /* UploadTweetViewModel.swift in Sources */ = {isa = PBXBuildFile; fileRef = D5022903265ABFFA00535EF8 /* UploadTweetViewModel.swift */; };
		D5022906265AEE2C00535EF8 /* FeedViewModel.swift in Sources */ = {isa = PBXBuildFile; fileRef = D5022905265AEE2C00535EF8 /* FeedViewModel.swift */; };
		D5022908265AEE7900535EF8 /* Tweet.swift in Sources */ = {isa = PBXBuildFile; fileRef = D5022907265AEE7900535EF8 /* Tweet.swift */; };
		D5E5841E2658754300317E31 /* HomeView.swift in Sources */ = {isa = PBXBuildFile; fileRef = D5E5841D2658754300317E31 /* HomeView.swift */; };
		E50C137F26549EC700CF3444 /* GoogleService-Info.plist in Resources */ = {isa = PBXBuildFile; fileRef = E50C137E26549EC700CF3444 /* GoogleService-Info.plist */; };
		E50C13822654A10200CF3444 /* FirebaseFunctions in Frameworks */ = {isa = PBXBuildFile; productRef = E50C13812654A10200CF3444 /* FirebaseFunctions */; };
		E50C13842654A10200CF3444 /* FirebaseStorage in Frameworks */ = {isa = PBXBuildFile; productRef = E50C13832654A10200CF3444 /* FirebaseStorage */; };
		E50C13862654A10200CF3444 /* FirebaseAuth in Frameworks */ = {isa = PBXBuildFile; productRef = E50C13852654A10200CF3444 /* FirebaseAuth */; };
		E50C13882654A10200CF3444 /* FirebaseFirestore in Frameworks */ = {isa = PBXBuildFile; productRef = E50C13872654A10200CF3444 /* FirebaseFirestore */; };
		E50C138B2654A73D00CF3444 /* AuthViewModel.swift in Sources */ = {isa = PBXBuildFile; fileRef = E50C138A2654A73D00CF3444 /* AuthViewModel.swift */; };
		E50C138D2654BC3C00CF3444 /* User.swift in Sources */ = {isa = PBXBuildFile; fileRef = E50C138C2654BC3C00CF3444 /* User.swift */; };
		E50C13902654C36900CF3444 /* Kingfisher in Frameworks */ = {isa = PBXBuildFile; productRef = E50C138F2654C36900CF3444 /* Kingfisher */; };
		E50C13922654C40900CF3444 /* SearchViewModel.swift in Sources */ = {isa = PBXBuildFile; fileRef = E50C13912654C40900CF3444 /* SearchViewModel.swift */; };
		E50C13952654C49700CF3444 /* FirebaseHelper.swift in Sources */ = {isa = PBXBuildFile; fileRef = E50C13942654C49700CF3444 /* FirebaseHelper.swift */; };
		E540C8292652C77A00B6093E /* FeedView.swift in Sources */ = {isa = PBXBuildFile; fileRef = E540C8282652C77A00B6093E /* FeedView.swift */; };
		E540C82B2652CDA000B6093E /* TweetCell.swift in Sources */ = {isa = PBXBuildFile; fileRef = E540C82A2652CDA000B6093E /* TweetCell.swift */; };
		E54187DB2655997C00E128EC /* ProfileViewModel.swift in Sources */ = {isa = PBXBuildFile; fileRef = E54187DA2655997C00E128EC /* ProfileViewModel.swift */; };
		E5487C59265424C200B94783 /* NewTweetView.swift in Sources */ = {isa = PBXBuildFile; fileRef = E5487C58265424C200B94783 /* NewTweetView.swift */; };
		E55B753D2654688000041464 /* ImagePicker.swift in Sources */ = {isa = PBXBuildFile; fileRef = E55B753C2654688000041464 /* ImagePicker.swift */; };
		E5620F2826530DDA0047AF3E /* SearchView.swift in Sources */ = {isa = PBXBuildFile; fileRef = E5620F2726530DDA0047AF3E /* SearchView.swift */; };
		E5620F2A26530E810047AF3E /* SearchBar.swift in Sources */ = {isa = PBXBuildFile; fileRef = E5620F2926530E810047AF3E /* SearchBar.swift */; };
		E5620F2E265315660047AF3E /* UserCell.swift in Sources */ = {isa = PBXBuildFile; fileRef = E5620F2D265315660047AF3E /* UserCell.swift */; };
		E5620F3126531D9B0047AF3E /* ConversationsView.swift in Sources */ = {isa = PBXBuildFile; fileRef = E5620F3026531D9B0047AF3E /* ConversationsView.swift */; };
		E5620F3326531DAC0047AF3E /* ConversationCell.swift in Sources */ = {isa = PBXBuildFile; fileRef = E5620F3226531DAC0047AF3E /* ConversationCell.swift */; };
		E5620F35265326EB0047AF3E /* MessageInputView.swift in Sources */ = {isa = PBXBuildFile; fileRef = E5620F34265326EB0047AF3E /* MessageInputView.swift */; };
		E5620F37265327AD0047AF3E /* ChatView.swift in Sources */ = {isa = PBXBuildFile; fileRef = E5620F36265327AD0047AF3E /* ChatView.swift */; };
		E5620F3926532D4B0047AF3E /* ChatBubbleShape.swift in Sources */ = {isa = PBXBuildFile; fileRef = E5620F3826532D4B0047AF3E /* ChatBubbleShape.swift */; };
		E5620F3B265334B20047AF3E /* MessageView.swift in Sources */ = {isa = PBXBuildFile; fileRef = E5620F3A265334B20047AF3E /* MessageView.swift */; };
		E5620F3D2653367C0047AF3E /* Message.swift in Sources */ = {isa = PBXBuildFile; fileRef = E5620F3C2653367C0047AF3E /* Message.swift */; };
		E5620F3F2653632A0047AF3E /* NewMessageView.swift in Sources */ = {isa = PBXBuildFile; fileRef = E5620F3E2653632A0047AF3E /* NewMessageView.swift */; };
		E5620F42265367BB0047AF3E /* UserProfileView.swift in Sources */ = {isa = PBXBuildFile; fileRef = E5620F41265367BB0047AF3E /* UserProfileView.swift */; };
		E5620F442653688A0047AF3E /* ProfileHeaderView.swift in Sources */ = {isa = PBXBuildFile; fileRef = E5620F432653688A0047AF3E /* ProfileHeaderView.swift */; };
		E5620F462653689E0047AF3E /* ProfileActionButtonView.swift in Sources */ = {isa = PBXBuildFile; fileRef = E5620F452653689E0047AF3E /* ProfileActionButtonView.swift */; };
		E5620F48265368BA0047AF3E /* FilterButtonView.swift in Sources */ = {isa = PBXBuildFile; fileRef = E5620F47265368BA0047AF3E /* FilterButtonView.swift */; };
		E58DB40E26542B8B007EAC54 /* TextArea.swift in Sources */ = {isa = PBXBuildFile; fileRef = E58DB40D26542B8B007EAC54 /* TextArea.swift */; };
		E58DB41326544219007EAC54 /* ImageStyle.swift in Sources */ = {isa = PBXBuildFile; fileRef = E58DB41226544219007EAC54 /* ImageStyle.swift */; };
		E58DB41526544370007EAC54 /* ButtonStyle.swift in Sources */ = {isa = PBXBuildFile; fileRef = E58DB41426544370007EAC54 /* ButtonStyle.swift */; };
		E58DB418265443C1007EAC54 /* ViewModifier.swift in Sources */ = {isa = PBXBuildFile; fileRef = E58DB417265443C1007EAC54 /* ViewModifier.swift */; };
		E58DB41B26545191007EAC54 /* LoginView.swift in Sources */ = {isa = PBXBuildFile; fileRef = E58DB41A26545191007EAC54 /* LoginView.swift */; };
		E58DB41D26545199007EAC54 /* RegistrationView.swift in Sources */ = {isa = PBXBuildFile; fileRef = E58DB41C26545199007EAC54 /* RegistrationView.swift */; };
		E58DB41F265452D1007EAC54 /* CustomTextField.swift in Sources */ = {isa = PBXBuildFile; fileRef = E58DB41E265452D1007EAC54 /* CustomTextField.swift */; };
		E5CDA3A22657093C000312FB /* DrawerView.swift in Sources */ = {isa = PBXBuildFile; fileRef = E5CDA3A12657093C000312FB /* DrawerView.swift */; };
		E5CDA3A42657094C000312FB /* DrawerHeaderView.swift in Sources */ = {isa = PBXBuildFile; fileRef = E5CDA3A32657094C000312FB /* DrawerHeaderView.swift */; };
		E5CDA3A626570957000312FB /* DrawerCell.swift in Sources */ = {isa = PBXBuildFile; fileRef = E5CDA3A526570957000312FB /* DrawerCell.swift */; };
		E5CDA3A82657096B000312FB /* DrawerViewModel.swift in Sources */ = {isa = PBXBuildFile; fileRef = E5CDA3A72657096B000312FB /* DrawerViewModel.swift */; };
		E5D4B01A265852A400DD7862 /* NavBarModifier.swift in Sources */ = {isa = PBXBuildFile; fileRef = E5D4B019265852A400DD7862 /* NavBarModifier.swift */; };
		E5D4B01D265859BB00DD7862 /* ViewBuilderExtensions.swift in Sources */ = {isa = PBXBuildFile; fileRef = E5D4B01C265859BB00DD7862 /* ViewBuilderExtensions.swift */; };
		E5E8A378265474EE00AB75FA /* TextStyle.swift in Sources */ = {isa = PBXBuildFile; fileRef = E5E8A377265474EE00AB75FA /* TextStyle.swift */; };
		E5EE8E3C2652B88400D167F8 /* twittercloneApp.swift in Sources */ = {isa = PBXBuildFile; fileRef = E5EE8E3B2652B88400D167F8 /* twittercloneApp.swift */; };
		E5EE8E3E2652B88400D167F8 /* ContentView.swift in Sources */ = {isa = PBXBuildFile; fileRef = E5EE8E3D2652B88400D167F8 /* ContentView.swift */; };
		E5EE8E402652B88400D167F8 /* Assets.xcassets in Resources */ = {isa = PBXBuildFile; fileRef = E5EE8E3F2652B88400D167F8 /* Assets.xcassets */; };
		E5EE8E432652B88400D167F8 /* Preview Assets.xcassets in Resources */ = {isa = PBXBuildFile; fileRef = E5EE8E422652B88400D167F8 /* Preview Assets.xcassets */; };
		E5EE8E4E2652B88500D167F8 /* twittercloneTests.swift in Sources */ = {isa = PBXBuildFile; fileRef = E5EE8E4D2652B88400D167F8 /* twittercloneTests.swift */; };
		E5EE8E592652B88500D167F8 /* twittercloneUITests.swift in Sources */ = {isa = PBXBuildFile; fileRef = E5EE8E582652B88500D167F8 /* twittercloneUITests.swift */; };
/* End PBXBuildFile section */

/* Begin PBXContainerItemProxy section */
		E5EE8E4A2652B88400D167F8 /* PBXContainerItemProxy */ = {
			isa = PBXContainerItemProxy;
			containerPortal = E5EE8E302652B88400D167F8 /* Project object */;
			proxyType = 1;
			remoteGlobalIDString = E5EE8E372652B88400D167F8;
			remoteInfo = twitterclone;
		};
		E5EE8E552652B88500D167F8 /* PBXContainerItemProxy */ = {
			isa = PBXContainerItemProxy;
			containerPortal = E5EE8E302652B88400D167F8 /* Project object */;
			proxyType = 1;
			remoteGlobalIDString = E5EE8E372652B88400D167F8;
			remoteInfo = twitterclone;
		};
/* End PBXContainerItemProxy section */

/* Begin PBXFileReference section */
		D5022903265ABFFA00535EF8 /* UploadTweetViewModel.swift */ = {isa = PBXFileReference; lastKnownFileType = sourcecode.swift; path = UploadTweetViewModel.swift; sourceTree = "<group>"; };
		D5022905265AEE2C00535EF8 /* FeedViewModel.swift */ = {isa = PBXFileReference; lastKnownFileType = sourcecode.swift; path = FeedViewModel.swift; sourceTree = "<group>"; };
		D5022907265AEE7900535EF8 /* Tweet.swift */ = {isa = PBXFileReference; lastKnownFileType = sourcecode.swift; path = Tweet.swift; sourceTree = "<group>"; };
		D5E5841D2658754300317E31 /* HomeView.swift */ = {isa = PBXFileReference; lastKnownFileType = sourcecode.swift; path = HomeView.swift; sourceTree = "<group>"; };
		E50C137E26549EC700CF3444 /* GoogleService-Info.plist */ = {isa = PBXFileReference; fileEncoding = 4; lastKnownFileType = text.plist.xml; path = "GoogleService-Info.plist"; sourceTree = "<group>"; };
		E50C138A2654A73D00CF3444 /* AuthViewModel.swift */ = {isa = PBXFileReference; lastKnownFileType = sourcecode.swift; path = AuthViewModel.swift; sourceTree = "<group>"; };
		E50C138C2654BC3C00CF3444 /* User.swift */ = {isa = PBXFileReference; lastKnownFileType = sourcecode.swift; path = User.swift; sourceTree = "<group>"; };
		E50C13912654C40900CF3444 /* SearchViewModel.swift */ = {isa = PBXFileReference; lastKnownFileType = sourcecode.swift; path = SearchViewModel.swift; sourceTree = "<group>"; };
		E50C13942654C49700CF3444 /* FirebaseHelper.swift */ = {isa = PBXFileReference; lastKnownFileType = sourcecode.swift; path = FirebaseHelper.swift; sourceTree = "<group>"; };
		E540C8282652C77A00B6093E /* FeedView.swift */ = {isa = PBXFileReference; lastKnownFileType = sourcecode.swift; path = FeedView.swift; sourceTree = "<group>"; };
		E540C82A2652CDA000B6093E /* TweetCell.swift */ = {isa = PBXFileReference; lastKnownFileType = sourcecode.swift; path = TweetCell.swift; sourceTree = "<group>"; };
		E54187DA2655997C00E128EC /* ProfileViewModel.swift */ = {isa = PBXFileReference; lastKnownFileType = sourcecode.swift; path = ProfileViewModel.swift; sourceTree = "<group>"; };
		E5487C58265424C200B94783 /* NewTweetView.swift */ = {isa = PBXFileReference; lastKnownFileType = sourcecode.swift; path = NewTweetView.swift; sourceTree = "<group>"; };
		E55B753C2654688000041464 /* ImagePicker.swift */ = {isa = PBXFileReference; lastKnownFileType = sourcecode.swift; path = ImagePicker.swift; sourceTree = "<group>"; };
		E5620F2726530DDA0047AF3E /* SearchView.swift */ = {isa = PBXFileReference; lastKnownFileType = sourcecode.swift; path = SearchView.swift; sourceTree = "<group>"; };
		E5620F2926530E810047AF3E /* SearchBar.swift */ = {isa = PBXFileReference; lastKnownFileType = sourcecode.swift; path = SearchBar.swift; sourceTree = "<group>"; };
		E5620F2D265315660047AF3E /* UserCell.swift */ = {isa = PBXFileReference; lastKnownFileType = sourcecode.swift; path = UserCell.swift; sourceTree = "<group>"; };
		E5620F3026531D9B0047AF3E /* ConversationsView.swift */ = {isa = PBXFileReference; lastKnownFileType = sourcecode.swift; path = ConversationsView.swift; sourceTree = "<group>"; };
		E5620F3226531DAC0047AF3E /* ConversationCell.swift */ = {isa = PBXFileReference; lastKnownFileType = sourcecode.swift; path = ConversationCell.swift; sourceTree = "<group>"; };
		E5620F34265326EB0047AF3E /* MessageInputView.swift */ = {isa = PBXFileReference; lastKnownFileType = sourcecode.swift; path = MessageInputView.swift; sourceTree = "<group>"; };
		E5620F36265327AD0047AF3E /* ChatView.swift */ = {isa = PBXFileReference; lastKnownFileType = sourcecode.swift; path = ChatView.swift; sourceTree = "<group>"; };
		E5620F3826532D4B0047AF3E /* ChatBubbleShape.swift */ = {isa = PBXFileReference; lastKnownFileType = sourcecode.swift; path = ChatBubbleShape.swift; sourceTree = "<group>"; };
		E5620F3A265334B20047AF3E /* MessageView.swift */ = {isa = PBXFileReference; lastKnownFileType = sourcecode.swift; path = MessageView.swift; sourceTree = "<group>"; };
		E5620F3C2653367C0047AF3E /* Message.swift */ = {isa = PBXFileReference; lastKnownFileType = sourcecode.swift; name = Message.swift; path = twitterclone/Model/Message.swift; sourceTree = SOURCE_ROOT; };
		E5620F3E2653632A0047AF3E /* NewMessageView.swift */ = {isa = PBXFileReference; lastKnownFileType = sourcecode.swift; path = NewMessageView.swift; sourceTree = "<group>"; };
		E5620F41265367BB0047AF3E /* UserProfileView.swift */ = {isa = PBXFileReference; lastKnownFileType = sourcecode.swift; path = UserProfileView.swift; sourceTree = "<group>"; };
		E5620F432653688A0047AF3E /* ProfileHeaderView.swift */ = {isa = PBXFileReference; lastKnownFileType = sourcecode.swift; path = ProfileHeaderView.swift; sourceTree = "<group>"; };
		E5620F452653689E0047AF3E /* ProfileActionButtonView.swift */ = {isa = PBXFileReference; lastKnownFileType = sourcecode.swift; path = ProfileActionButtonView.swift; sourceTree = "<group>"; };
		E5620F47265368BA0047AF3E /* FilterButtonView.swift */ = {isa = PBXFileReference; lastKnownFileType = sourcecode.swift; path = FilterButtonView.swift; sourceTree = "<group>"; };
		E58DB40D26542B8B007EAC54 /* TextArea.swift */ = {isa = PBXFileReference; lastKnownFileType = sourcecode.swift; path = TextArea.swift; sourceTree = "<group>"; };
		E58DB41226544219007EAC54 /* ImageStyle.swift */ = {isa = PBXFileReference; lastKnownFileType = sourcecode.swift; path = ImageStyle.swift; sourceTree = "<group>"; };
		E58DB41426544370007EAC54 /* ButtonStyle.swift */ = {isa = PBXFileReference; lastKnownFileType = sourcecode.swift; path = ButtonStyle.swift; sourceTree = "<group>"; };
		E58DB417265443C1007EAC54 /* ViewModifier.swift */ = {isa = PBXFileReference; lastKnownFileType = sourcecode.swift; path = ViewModifier.swift; sourceTree = "<group>"; };
		E58DB41A26545191007EAC54 /* LoginView.swift */ = {isa = PBXFileReference; lastKnownFileType = sourcecode.swift; path = LoginView.swift; sourceTree = "<group>"; };
		E58DB41C26545199007EAC54 /* RegistrationView.swift */ = {isa = PBXFileReference; lastKnownFileType = sourcecode.swift; path = RegistrationView.swift; sourceTree = "<group>"; };
		E58DB41E265452D1007EAC54 /* CustomTextField.swift */ = {isa = PBXFileReference; lastKnownFileType = sourcecode.swift; path = CustomTextField.swift; sourceTree = "<group>"; };
		E5CDA3A12657093C000312FB /* DrawerView.swift */ = {isa = PBXFileReference; lastKnownFileType = sourcecode.swift; path = DrawerView.swift; sourceTree = "<group>"; };
		E5CDA3A32657094C000312FB /* DrawerHeaderView.swift */ = {isa = PBXFileReference; lastKnownFileType = sourcecode.swift; path = DrawerHeaderView.swift; sourceTree = "<group>"; };
		E5CDA3A526570957000312FB /* DrawerCell.swift */ = {isa = PBXFileReference; lastKnownFileType = sourcecode.swift; path = DrawerCell.swift; sourceTree = "<group>"; };
		E5CDA3A72657096B000312FB /* DrawerViewModel.swift */ = {isa = PBXFileReference; lastKnownFileType = sourcecode.swift; path = DrawerViewModel.swift; sourceTree = "<group>"; };
		E5D4B019265852A400DD7862 /* NavBarModifier.swift */ = {isa = PBXFileReference; lastKnownFileType = sourcecode.swift; path = NavBarModifier.swift; sourceTree = "<group>"; };
		E5D4B01C265859BB00DD7862 /* ViewBuilderExtensions.swift */ = {isa = PBXFileReference; lastKnownFileType = sourcecode.swift; path = ViewBuilderExtensions.swift; sourceTree = "<group>"; };
		E5E8A377265474EE00AB75FA /* TextStyle.swift */ = {isa = PBXFileReference; lastKnownFileType = sourcecode.swift; path = TextStyle.swift; sourceTree = "<group>"; };
		E5EE8E382652B88400D167F8 /* twitterclone.app */ = {isa = PBXFileReference; explicitFileType = wrapper.application; includeInIndex = 0; path = twitterclone.app; sourceTree = BUILT_PRODUCTS_DIR; };
		E5EE8E3B2652B88400D167F8 /* twittercloneApp.swift */ = {isa = PBXFileReference; lastKnownFileType = sourcecode.swift; path = twittercloneApp.swift; sourceTree = "<group>"; };
		E5EE8E3D2652B88400D167F8 /* ContentView.swift */ = {isa = PBXFileReference; lastKnownFileType = sourcecode.swift; path = ContentView.swift; sourceTree = "<group>"; };
		E5EE8E3F2652B88400D167F8 /* Assets.xcassets */ = {isa = PBXFileReference; lastKnownFileType = folder.assetcatalog; path = Assets.xcassets; sourceTree = "<group>"; };
		E5EE8E422652B88400D167F8 /* Preview Assets.xcassets */ = {isa = PBXFileReference; lastKnownFileType = folder.assetcatalog; path = "Preview Assets.xcassets"; sourceTree = "<group>"; };
		E5EE8E442652B88400D167F8 /* Info.plist */ = {isa = PBXFileReference; lastKnownFileType = text.plist.xml; path = Info.plist; sourceTree = "<group>"; };
		E5EE8E492652B88400D167F8 /* twittercloneTests.xctest */ = {isa = PBXFileReference; explicitFileType = wrapper.cfbundle; includeInIndex = 0; path = twittercloneTests.xctest; sourceTree = BUILT_PRODUCTS_DIR; };
		E5EE8E4D2652B88400D167F8 /* twittercloneTests.swift */ = {isa = PBXFileReference; lastKnownFileType = sourcecode.swift; path = twittercloneTests.swift; sourceTree = "<group>"; };
		E5EE8E4F2652B88500D167F8 /* Info.plist */ = {isa = PBXFileReference; lastKnownFileType = text.plist.xml; path = Info.plist; sourceTree = "<group>"; };
		E5EE8E542652B88500D167F8 /* twittercloneUITests.xctest */ = {isa = PBXFileReference; explicitFileType = wrapper.cfbundle; includeInIndex = 0; path = twittercloneUITests.xctest; sourceTree = BUILT_PRODUCTS_DIR; };
		E5EE8E582652B88500D167F8 /* twittercloneUITests.swift */ = {isa = PBXFileReference; lastKnownFileType = sourcecode.swift; path = twittercloneUITests.swift; sourceTree = "<group>"; };
		E5EE8E5A2652B88500D167F8 /* Info.plist */ = {isa = PBXFileReference; lastKnownFileType = text.plist.xml; path = Info.plist; sourceTree = "<group>"; };
/* End PBXFileReference section */

/* Begin PBXFrameworksBuildPhase section */
		E5EE8E352652B88400D167F8 /* Frameworks */ = {
			isa = PBXFrameworksBuildPhase;
			buildActionMask = 2147483647;
			files = (
				E50C13822654A10200CF3444 /* FirebaseFunctions in Frameworks */,
				E50C13882654A10200CF3444 /* FirebaseFirestore in Frameworks */,
				E50C13862654A10200CF3444 /* FirebaseAuth in Frameworks */,
				E50C13842654A10200CF3444 /* FirebaseStorage in Frameworks */,
				E50C13902654C36900CF3444 /* Kingfisher in Frameworks */,
			);
			runOnlyForDeploymentPostprocessing = 0;
		};
		E5EE8E462652B88400D167F8 /* Frameworks */ = {
			isa = PBXFrameworksBuildPhase;
			buildActionMask = 2147483647;
			files = (
			);
			runOnlyForDeploymentPostprocessing = 0;
		};
		E5EE8E512652B88500D167F8 /* Frameworks */ = {
			isa = PBXFrameworksBuildPhase;
			buildActionMask = 2147483647;
			files = (
			);
			runOnlyForDeploymentPostprocessing = 0;
		};
/* End PBXFrameworksBuildPhase section */

/* Begin PBXGroup section */
		E50C13892654A71400CF3444 /* ViewModel */ = {
			isa = PBXGroup;
			children = (
				E50C138A2654A73D00CF3444 /* AuthViewModel.swift */,
				E50C13912654C40900CF3444 /* SearchViewModel.swift */,
				E54187DA2655997C00E128EC /* ProfileViewModel.swift */,
				E5CDA3A72657096B000312FB /* DrawerViewModel.swift */,
				D5022903265ABFFA00535EF8 /* UploadTweetViewModel.swift */,
				D5022905265AEE2C00535EF8 /* FeedViewModel.swift */,
			);
			path = ViewModel;
			sourceTree = "<group>";
		};
		E50C13932654C48200CF3444 /* Firebase */ = {
			isa = PBXGroup;
			children = (
				E50C13942654C49700CF3444 /* FirebaseHelper.swift */,
			);
			path = Firebase;
			sourceTree = "<group>";
		};
		E5487C57265424AC00B94783 /* Tweets */ = {
			isa = PBXGroup;
			children = (
				E5487C58265424C200B94783 /* NewTweetView.swift */,
			);
			path = Tweets;
			sourceTree = "<group>";
		};
		E5620F2B265315200047AF3E /* Feed */ = {
			isa = PBXGroup;
			children = (
				E540C8282652C77A00B6093E /* FeedView.swift */,
				E540C82A2652CDA000B6093E /* TweetCell.swift */,
			);
			path = Feed;
			sourceTree = "<group>";
		};
		E5620F2C2653152E0047AF3E /* Search */ = {
			isa = PBXGroup;
			children = (
				E5620F2726530DDA0047AF3E /* SearchView.swift */,
				E5620F2926530E810047AF3E /* SearchBar.swift */,
				E5620F2D265315660047AF3E /* UserCell.swift */,
			);
			path = Search;
			sourceTree = "<group>";
		};
		E5620F2F26531D5D0047AF3E /* Messages */ = {
			isa = PBXGroup;
			children = (
				E5620F3026531D9B0047AF3E /* ConversationsView.swift */,
				E5620F3826532D4B0047AF3E /* ChatBubbleShape.swift */,
				E5620F36265327AD0047AF3E /* ChatView.swift */,
				E5620F3226531DAC0047AF3E /* ConversationCell.swift */,
				E5620F34265326EB0047AF3E /* MessageInputView.swift */,
				E5620F3A265334B20047AF3E /* MessageView.swift */,
				E5620F3E2653632A0047AF3E /* NewMessageView.swift */,
			);
			path = Messages;
			sourceTree = "<group>";
		};
		E5620F40265367810047AF3E /* Profile */ = {
			isa = PBXGroup;
			children = (
				E5620F41265367BB0047AF3E /* UserProfileView.swift */,
				E5620F47265368BA0047AF3E /* FilterButtonView.swift */,
				E5620F452653689E0047AF3E /* ProfileActionButtonView.swift */,
				E5620F432653688A0047AF3E /* ProfileHeaderView.swift */,
			);
			path = Profile;
			sourceTree = "<group>";
		};
		E5620F4926537E310047AF3E /* Model */ = {
			isa = PBXGroup;
			children = (
				E5620F3C2653367C0047AF3E /* Message.swift */,
				E50C138C2654BC3C00CF3444 /* User.swift */,
				D5022907265AEE7900535EF8 /* Tweet.swift */,
			);
			path = Model;
			sourceTree = "<group>";
		};
		E58DB40B26542B75007EAC54 /* Utils */ = {
			isa = PBXGroup;
			children = (
				E5D4B01B2658599B00DD7862 /* ViewBuilder */,
				E5D4B0182658528A00DD7862 /* Modifier */,
				E50C13932654C48200CF3444 /* Firebase */,
				E58DB4162654439E007EAC54 /* Platform */,
				E58DB40F2654414F007EAC54 /* Styles */,
				E58DB40C26542B7A007EAC54 /* Views */,
			);
			path = Utils;
			sourceTree = "<group>";
		};
		E58DB40C26542B7A007EAC54 /* Views */ = {
			isa = PBXGroup;
			children = (
				E58DB40D26542B8B007EAC54 /* TextArea.swift */,
				E58DB41E265452D1007EAC54 /* CustomTextField.swift */,
				E55B753C2654688000041464 /* ImagePicker.swift */,
			);
			path = Views;
			sourceTree = "<group>";
		};
		E58DB40F2654414F007EAC54 /* Styles */ = {
			isa = PBXGroup;
			children = (
				E58DB41226544219007EAC54 /* ImageStyle.swift */,
				E58DB41426544370007EAC54 /* ButtonStyle.swift */,
				E5E8A377265474EE00AB75FA /* TextStyle.swift */,
			);
			path = Styles;
			sourceTree = "<group>";
		};
		E58DB4162654439E007EAC54 /* Platform */ = {
			isa = PBXGroup;
			children = (
				E58DB417265443C1007EAC54 /* ViewModifier.swift */,
			);
			path = Platform;
			sourceTree = "<group>";
		};
		E58DB41926545182007EAC54 /* Authentication */ = {
			isa = PBXGroup;
			children = (
				E58DB41A26545191007EAC54 /* LoginView.swift */,
				E58DB41C26545199007EAC54 /* RegistrationView.swift */,
			);
			path = Authentication;
			sourceTree = "<group>";
		};
		E5CDA3A026570922000312FB /* Drawer */ = {
			isa = PBXGroup;
			children = (
				E5CDA3A12657093C000312FB /* DrawerView.swift */,
				E5CDA3A32657094C000312FB /* DrawerHeaderView.swift */,
				E5CDA3A526570957000312FB /* DrawerCell.swift */,
			);
			path = Drawer;
			sourceTree = "<group>";
		};
		E5D4B0182658528A00DD7862 /* Modifier */ = {
			isa = PBXGroup;
			children = (
				E5D4B019265852A400DD7862 /* NavBarModifier.swift */,
			);
			path = Modifier;
			sourceTree = "<group>";
		};
		E5D4B01B2658599B00DD7862 /* ViewBuilder */ = {
			isa = PBXGroup;
			children = (
				E5D4B01C265859BB00DD7862 /* ViewBuilderExtensions.swift */,
			);
			path = ViewBuilder;
			sourceTree = "<group>";
		};
		E5EE8E2F2652B88400D167F8 = {
			isa = PBXGroup;
			children = (
				E5EE8E3A2652B88400D167F8 /* twitterclone */,
				E5EE8E4C2652B88400D167F8 /* twittercloneTests */,
				E5EE8E572652B88500D167F8 /* twittercloneUITests */,
				E5EE8E392652B88400D167F8 /* Products */,
			);
			sourceTree = "<group>";
		};
		E5EE8E392652B88400D167F8 /* Products */ = {
			isa = PBXGroup;
			children = (
				E5EE8E382652B88400D167F8 /* twitterclone.app */,
				E5EE8E492652B88400D167F8 /* twittercloneTests.xctest */,
				E5EE8E542652B88500D167F8 /* twittercloneUITests.xctest */,
			);
			name = Products;
			sourceTree = "<group>";
		};
		E5EE8E3A2652B88400D167F8 /* twitterclone */ = {
			isa = PBXGroup;
			children = (
				E5EE8E662652B90F00D167F8 /* App */,
				E5620F4926537E310047AF3E /* Model */,
				E58DB40B26542B75007EAC54 /* Utils */,
				E5EE8E672652B92900D167F8 /* View */,
				E50C13892654A71400CF3444 /* ViewModel */,
				E5EE8E412652B88400D167F8 /* Preview Content */,
				E50C137E26549EC700CF3444 /* GoogleService-Info.plist */,
			);
			path = twitterclone;
			sourceTree = "<group>";
		};
		E5EE8E412652B88400D167F8 /* Preview Content */ = {
			isa = PBXGroup;
			children = (
				E5EE8E422652B88400D167F8 /* Preview Assets.xcassets */,
			);
			path = "Preview Content";
			sourceTree = "<group>";
		};
		E5EE8E4C2652B88400D167F8 /* twittercloneTests */ = {
			isa = PBXGroup;
			children = (
				E5EE8E4D2652B88400D167F8 /* twittercloneTests.swift */,
				E5EE8E4F2652B88500D167F8 /* Info.plist */,
			);
			path = twittercloneTests;
			sourceTree = "<group>";
		};
		E5EE8E572652B88500D167F8 /* twittercloneUITests */ = {
			isa = PBXGroup;
			children = (
				E5EE8E582652B88500D167F8 /* twittercloneUITests.swift */,
				E5EE8E5A2652B88500D167F8 /* Info.plist */,
			);
			path = twittercloneUITests;
			sourceTree = "<group>";
		};
		E5EE8E662652B90F00D167F8 /* App */ = {
			isa = PBXGroup;
			children = (
				E5EE8E3B2652B88400D167F8 /* twittercloneApp.swift */,
				E5EE8E3F2652B88400D167F8 /* Assets.xcassets */,
				E5EE8E442652B88400D167F8 /* Info.plist */,
			);
			path = App;
			sourceTree = "<group>";
		};
		E5EE8E672652B92900D167F8 /* View */ = {
			isa = PBXGroup;
			children = (
				E5CDA3A026570922000312FB /* Drawer */,
				E5EE8E3D2652B88400D167F8 /* ContentView.swift */,
				D5E5841D2658754300317E31 /* HomeView.swift */,
				E58DB41926545182007EAC54 /* Authentication */,
				E5620F2B265315200047AF3E /* Feed */,
				E5620F2F26531D5D0047AF3E /* Messages */,
				E5620F40265367810047AF3E /* Profile */,
				E5620F2C2653152E0047AF3E /* Search */,
				E5487C57265424AC00B94783 /* Tweets */,
			);
			path = View;
			sourceTree = "<group>";
		};
/* End PBXGroup section */

/* Begin PBXNativeTarget section */
		E5EE8E372652B88400D167F8 /* twitterclone */ = {
			isa = PBXNativeTarget;
			buildConfigurationList = E5EE8E5D2652B88500D167F8 /* Build configuration list for PBXNativeTarget "twitterclone" */;
			buildPhases = (
				E5EE8E342652B88400D167F8 /* Sources */,
				E5EE8E352652B88400D167F8 /* Frameworks */,
				E5EE8E362652B88400D167F8 /* Resources */,
			);
			buildRules = (
			);
			dependencies = (
			);
			name = twitterclone;
			packageProductDependencies = (
				E50C13812654A10200CF3444 /* FirebaseFunctions */,
				E50C13832654A10200CF3444 /* FirebaseStorage */,
				E50C13852654A10200CF3444 /* FirebaseAuth */,
				E50C13872654A10200CF3444 /* FirebaseFirestore */,
				E50C138F2654C36900CF3444 /* Kingfisher */,
			);
			productName = twitterclone;
			productReference = E5EE8E382652B88400D167F8 /* twitterclone.app */;
			productType = "com.apple.product-type.application";
		};
		E5EE8E482652B88400D167F8 /* twittercloneTests */ = {
			isa = PBXNativeTarget;
			buildConfigurationList = E5EE8E602652B88500D167F8 /* Build configuration list for PBXNativeTarget "twittercloneTests" */;
			buildPhases = (
				E5EE8E452652B88400D167F8 /* Sources */,
				E5EE8E462652B88400D167F8 /* Frameworks */,
				E5EE8E472652B88400D167F8 /* Resources */,
			);
			buildRules = (
			);
			dependencies = (
				E5EE8E4B2652B88400D167F8 /* PBXTargetDependency */,
			);
			name = twittercloneTests;
			productName = twittercloneTests;
			productReference = E5EE8E492652B88400D167F8 /* twittercloneTests.xctest */;
			productType = "com.apple.product-type.bundle.unit-test";
		};
		E5EE8E532652B88500D167F8 /* twittercloneUITests */ = {
			isa = PBXNativeTarget;
			buildConfigurationList = E5EE8E632652B88500D167F8 /* Build configuration list for PBXNativeTarget "twittercloneUITests" */;
			buildPhases = (
				E5EE8E502652B88500D167F8 /* Sources */,
				E5EE8E512652B88500D167F8 /* Frameworks */,
				E5EE8E522652B88500D167F8 /* Resources */,
			);
			buildRules = (
			);
			dependencies = (
				E5EE8E562652B88500D167F8 /* PBXTargetDependency */,
			);
			name = twittercloneUITests;
			productName = twittercloneUITests;
			productReference = E5EE8E542652B88500D167F8 /* twittercloneUITests.xctest */;
			productType = "com.apple.product-type.bundle.ui-testing";
		};
/* End PBXNativeTarget section */

/* Begin PBXProject section */
		E5EE8E302652B88400D167F8 /* Project object */ = {
			isa = PBXProject;
			attributes = {
				LastSwiftUpdateCheck = 1250;
				LastUpgradeCheck = 1250;
				TargetAttributes = {
					E5EE8E372652B88400D167F8 = {
						CreatedOnToolsVersion = 12.5;
					};
					E5EE8E482652B88400D167F8 = {
						CreatedOnToolsVersion = 12.5;
						TestTargetID = E5EE8E372652B88400D167F8;
					};
					E5EE8E532652B88500D167F8 = {
						CreatedOnToolsVersion = 12.5;
						TestTargetID = E5EE8E372652B88400D167F8;
					};
				};
			};
			buildConfigurationList = E5EE8E332652B88400D167F8 /* Build configuration list for PBXProject "twitterclone" */;
			compatibilityVersion = "Xcode 9.3";
			developmentRegion = en;
			hasScannedForEncodings = 0;
			knownRegions = (
				en,
				Base,
			);
			mainGroup = E5EE8E2F2652B88400D167F8;
			packageReferences = (
				E50C13802654A10200CF3444 /* XCRemoteSwiftPackageReference "firebase-ios-sdk" */,
				E50C138E2654C36900CF3444 /* XCRemoteSwiftPackageReference "Kingfisher" */,
			);
			productRefGroup = E5EE8E392652B88400D167F8 /* Products */;
			projectDirPath = "";
			projectRoot = "";
			targets = (
				E5EE8E372652B88400D167F8 /* twitterclone */,
				E5EE8E482652B88400D167F8 /* twittercloneTests */,
				E5EE8E532652B88500D167F8 /* twittercloneUITests */,
			);
		};
/* End PBXProject section */

/* Begin PBXResourcesBuildPhase section */
		E5EE8E362652B88400D167F8 /* Resources */ = {
			isa = PBXResourcesBuildPhase;
			buildActionMask = 2147483647;
			files = (
				E5EE8E432652B88400D167F8 /* Preview Assets.xcassets in Resources */,
				E5EE8E402652B88400D167F8 /* Assets.xcassets in Resources */,
				E50C137F26549EC700CF3444 /* GoogleService-Info.plist in Resources */,
			);
			runOnlyForDeploymentPostprocessing = 0;
		};
		E5EE8E472652B88400D167F8 /* Resources */ = {
			isa = PBXResourcesBuildPhase;
			buildActionMask = 2147483647;
			files = (
			);
			runOnlyForDeploymentPostprocessing = 0;
		};
		E5EE8E522652B88500D167F8 /* Resources */ = {
			isa = PBXResourcesBuildPhase;
			buildActionMask = 2147483647;
			files = (
			);
			runOnlyForDeploymentPostprocessing = 0;
		};
/* End PBXResourcesBuildPhase section */

/* Begin PBXSourcesBuildPhase section */
		E5EE8E342652B88400D167F8 /* Sources */ = {
			isa = PBXSourcesBuildPhase;
			buildActionMask = 2147483647;
			files = (
				E58DB41F265452D1007EAC54 /* CustomTextField.swift in Sources */,
				E58DB41326544219007EAC54 /* ImageStyle.swift in Sources */,
				E5620F2826530DDA0047AF3E /* SearchView.swift in Sources */,
				E58DB40E26542B8B007EAC54 /* TextArea.swift in Sources */,
				E50C138D2654BC3C00CF3444 /* User.swift in Sources */,
				E5620F3B265334B20047AF3E /* MessageView.swift in Sources */,
				E5620F35265326EB0047AF3E /* MessageInputView.swift in Sources */,
				E5EE8E3E2652B88400D167F8 /* ContentView.swift in Sources */,
				E5D4B01D265859BB00DD7862 /* ViewBuilderExtensions.swift in Sources */,
				E5620F442653688A0047AF3E /* ProfileHeaderView.swift in Sources */,
				E540C8292652C77A00B6093E /* FeedView.swift in Sources */,
				E5620F37265327AD0047AF3E /* ChatView.swift in Sources */,
				D5E5841E2658754300317E31 /* HomeView.swift in Sources */,
				E58DB41526544370007EAC54 /* ButtonStyle.swift in Sources */,
				E58DB41B26545191007EAC54 /* LoginView.swift in Sources */,
				E5487C59265424C200B94783 /* NewTweetView.swift in Sources */,
				E58DB41D26545199007EAC54 /* RegistrationView.swift in Sources */,
				E5620F48265368BA0047AF3E /* FilterButtonView.swift in Sources */,
				E5620F3126531D9B0047AF3E /* ConversationsView.swift in Sources */,
				E5EE8E3C2652B88400D167F8 /* twittercloneApp.swift in Sources */,
				E50C13922654C40900CF3444 /* SearchViewModel.swift in Sources */,
				E5CDA3A626570957000312FB /* DrawerCell.swift in Sources */,
				E55B753D2654688000041464 /* ImagePicker.swift in Sources */,
				D5022904265ABFFA00535EF8 /* UploadTweetViewModel.swift in Sources */,
				D5022906265AEE2C00535EF8 /* FeedViewModel.swift in Sources */,
				E5620F3926532D4B0047AF3E /* ChatBubbleShape.swift in Sources */,
				E5620F3F2653632A0047AF3E /* NewMessageView.swift in Sources */,
				E5D4B01A265852A400DD7862 /* NavBarModifier.swift in Sources */,
				E5CDA3A22657093C000312FB /* DrawerView.swift in Sources */,
				E50C138B2654A73D00CF3444 /* AuthViewModel.swift in Sources */,
				E540C82B2652CDA000B6093E /* TweetCell.swift in Sources */,
				E5620F42265367BB0047AF3E /* UserProfileView.swift in Sources */,
				E5CDA3A82657096B000312FB /* DrawerViewModel.swift in Sources */,
				E5620F2A26530E810047AF3E /* SearchBar.swift in Sources */,
				E5620F462653689E0047AF3E /* ProfileActionButtonView.swift in Sources */,
				E5620F2E265315660047AF3E /* UserCell.swift in Sources */,
				E5E8A378265474EE00AB75FA /* TextStyle.swift in Sources */,
				E5620F3326531DAC0047AF3E /* ConversationCell.swift in Sources */,
				E54187DB2655997C00E128EC /* ProfileViewModel.swift in Sources */,
				E58DB418265443C1007EAC54 /* ViewModifier.swift in Sources */,
				E5CDA3A42657094C000312FB /* DrawerHeaderView.swift in Sources */,
				E50C13952654C49700CF3444 /* FirebaseHelper.swift in Sources */,
				E5620F3D2653367C0047AF3E /* Message.swift in Sources */,
				D5022908265AEE7900535EF8 /* Tweet.swift in Sources */,
			);
			runOnlyForDeploymentPostprocessing = 0;
		};
		E5EE8E452652B88400D167F8 /* Sources */ = {
			isa = PBXSourcesBuildPhase;
			buildActionMask = 2147483647;
			files = (
				E5EE8E4E2652B88500D167F8 /* twittercloneTests.swift in Sources */,
			);
			runOnlyForDeploymentPostprocessing = 0;
		};
		E5EE8E502652B88500D167F8 /* Sources */ = {
			isa = PBXSourcesBuildPhase;
			buildActionMask = 2147483647;
			files = (
				E5EE8E592652B88500D167F8 /* twittercloneUITests.swift in Sources */,
			);
			runOnlyForDeploymentPostprocessing = 0;
		};
/* End PBXSourcesBuildPhase section */

/* Begin PBXTargetDependency section */
		E5EE8E4B2652B88400D167F8 /* PBXTargetDependency */ = {
			isa = PBXTargetDependency;
			target = E5EE8E372652B88400D167F8 /* twitterclone */;
			targetProxy = E5EE8E4A2652B88400D167F8 /* PBXContainerItemProxy */;
		};
		E5EE8E562652B88500D167F8 /* PBXTargetDependency */ = {
			isa = PBXTargetDependency;
			target = E5EE8E372652B88400D167F8 /* twitterclone */;
			targetProxy = E5EE8E552652B88500D167F8 /* PBXContainerItemProxy */;
		};
/* End PBXTargetDependency section */

/* Begin XCBuildConfiguration section */
		E5EE8E5B2652B88500D167F8 /* Debug */ = {
			isa = XCBuildConfiguration;
			buildSettings = {
				ALWAYS_SEARCH_USER_PATHS = NO;
				CLANG_ANALYZER_NONNULL = YES;
				CLANG_ANALYZER_NUMBER_OBJECT_CONVERSION = YES_AGGRESSIVE;
				CLANG_CXX_LANGUAGE_STANDARD = "gnu++14";
				CLANG_CXX_LIBRARY = "libc++";
				CLANG_ENABLE_MODULES = YES;
				CLANG_ENABLE_OBJC_ARC = YES;
				CLANG_ENABLE_OBJC_WEAK = YES;
				CLANG_WARN_BLOCK_CAPTURE_AUTORELEASING = YES;
				CLANG_WARN_BOOL_CONVERSION = YES;
				CLANG_WARN_COMMA = YES;
				CLANG_WARN_CONSTANT_CONVERSION = YES;
				CLANG_WARN_DEPRECATED_OBJC_IMPLEMENTATIONS = YES;
				CLANG_WARN_DIRECT_OBJC_ISA_USAGE = YES_ERROR;
				CLANG_WARN_DOCUMENTATION_COMMENTS = YES;
				CLANG_WARN_EMPTY_BODY = YES;
				CLANG_WARN_ENUM_CONVERSION = YES;
				CLANG_WARN_INFINITE_RECURSION = YES;
				CLANG_WARN_INT_CONVERSION = YES;
				CLANG_WARN_NON_LITERAL_NULL_CONVERSION = YES;
				CLANG_WARN_OBJC_IMPLICIT_RETAIN_SELF = YES;
				CLANG_WARN_OBJC_LITERAL_CONVERSION = YES;
				CLANG_WARN_OBJC_ROOT_CLASS = YES_ERROR;
				CLANG_WARN_QUOTED_INCLUDE_IN_FRAMEWORK_HEADER = YES;
				CLANG_WARN_RANGE_LOOP_ANALYSIS = YES;
				CLANG_WARN_STRICT_PROTOTYPES = YES;
				CLANG_WARN_SUSPICIOUS_MOVE = YES;
				CLANG_WARN_UNGUARDED_AVAILABILITY = YES_AGGRESSIVE;
				CLANG_WARN_UNREACHABLE_CODE = YES;
				CLANG_WARN__DUPLICATE_METHOD_MATCH = YES;
				COPY_PHASE_STRIP = NO;
				DEBUG_INFORMATION_FORMAT = dwarf;
				ENABLE_STRICT_OBJC_MSGSEND = YES;
				ENABLE_TESTABILITY = YES;
				GCC_C_LANGUAGE_STANDARD = gnu11;
				GCC_DYNAMIC_NO_PIC = NO;
				GCC_NO_COMMON_BLOCKS = YES;
				GCC_OPTIMIZATION_LEVEL = 0;
				GCC_PREPROCESSOR_DEFINITIONS = (
					"DEBUG=1",
					"$(inherited)",
				);
				GCC_WARN_64_TO_32_BIT_CONVERSION = YES;
				GCC_WARN_ABOUT_RETURN_TYPE = YES_ERROR;
				GCC_WARN_UNDECLARED_SELECTOR = YES;
				GCC_WARN_UNINITIALIZED_AUTOS = YES_AGGRESSIVE;
				GCC_WARN_UNUSED_FUNCTION = YES;
				GCC_WARN_UNUSED_VARIABLE = YES;
				INFOPLIST_FILE = twitterclone/App/Info.plist;
				IPHONEOS_DEPLOYMENT_TARGET = 14.5;
				MTL_ENABLE_DEBUG_INFO = INCLUDE_SOURCE;
				MTL_FAST_MATH = YES;
				ONLY_ACTIVE_ARCH = YES;
				SDKROOT = iphoneos;
				SWIFT_ACTIVE_COMPILATION_CONDITIONS = DEBUG;
				SWIFT_OPTIMIZATION_LEVEL = "-Onone";
			};
			name = Debug;
		};
		E5EE8E5C2652B88500D167F8 /* Release */ = {
			isa = XCBuildConfiguration;
			buildSettings = {
				ALWAYS_SEARCH_USER_PATHS = NO;
				CLANG_ANALYZER_NONNULL = YES;
				CLANG_ANALYZER_NUMBER_OBJECT_CONVERSION = YES_AGGRESSIVE;
				CLANG_CXX_LANGUAGE_STANDARD = "gnu++14";
				CLANG_CXX_LIBRARY = "libc++";
				CLANG_ENABLE_MODULES = YES;
				CLANG_ENABLE_OBJC_ARC = YES;
				CLANG_ENABLE_OBJC_WEAK = YES;
				CLANG_WARN_BLOCK_CAPTURE_AUTORELEASING = YES;
				CLANG_WARN_BOOL_CONVERSION = YES;
				CLANG_WARN_COMMA = YES;
				CLANG_WARN_CONSTANT_CONVERSION = YES;
				CLANG_WARN_DEPRECATED_OBJC_IMPLEMENTATIONS = YES;
				CLANG_WARN_DIRECT_OBJC_ISA_USAGE = YES_ERROR;
				CLANG_WARN_DOCUMENTATION_COMMENTS = YES;
				CLANG_WARN_EMPTY_BODY = YES;
				CLANG_WARN_ENUM_CONVERSION = YES;
				CLANG_WARN_INFINITE_RECURSION = YES;
				CLANG_WARN_INT_CONVERSION = YES;
				CLANG_WARN_NON_LITERAL_NULL_CONVERSION = YES;
				CLANG_WARN_OBJC_IMPLICIT_RETAIN_SELF = YES;
				CLANG_WARN_OBJC_LITERAL_CONVERSION = YES;
				CLANG_WARN_OBJC_ROOT_CLASS = YES_ERROR;
				CLANG_WARN_QUOTED_INCLUDE_IN_FRAMEWORK_HEADER = YES;
				CLANG_WARN_RANGE_LOOP_ANALYSIS = YES;
				CLANG_WARN_STRICT_PROTOTYPES = YES;
				CLANG_WARN_SUSPICIOUS_MOVE = YES;
				CLANG_WARN_UNGUARDED_AVAILABILITY = YES_AGGRESSIVE;
				CLANG_WARN_UNREACHABLE_CODE = YES;
				CLANG_WARN__DUPLICATE_METHOD_MATCH = YES;
				COPY_PHASE_STRIP = NO;
				DEBUG_INFORMATION_FORMAT = "dwarf-with-dsym";
				ENABLE_NS_ASSERTIONS = NO;
				ENABLE_STRICT_OBJC_MSGSEND = YES;
				GCC_C_LANGUAGE_STANDARD = gnu11;
				GCC_NO_COMMON_BLOCKS = YES;
				GCC_WARN_64_TO_32_BIT_CONVERSION = YES;
				GCC_WARN_ABOUT_RETURN_TYPE = YES_ERROR;
				GCC_WARN_UNDECLARED_SELECTOR = YES;
				GCC_WARN_UNINITIALIZED_AUTOS = YES_AGGRESSIVE;
				GCC_WARN_UNUSED_FUNCTION = YES;
				GCC_WARN_UNUSED_VARIABLE = YES;
				INFOPLIST_FILE = twitterclone/App/Info.plist;
				IPHONEOS_DEPLOYMENT_TARGET = 14.5;
				MTL_ENABLE_DEBUG_INFO = NO;
				MTL_FAST_MATH = YES;
				SDKROOT = iphoneos;
				SWIFT_COMPILATION_MODE = wholemodule;
				SWIFT_OPTIMIZATION_LEVEL = "-O";
				VALIDATE_PRODUCT = YES;
			};
			name = Release;
		};
		E5EE8E5E2652B88500D167F8 /* Debug */ = {
			isa = XCBuildConfiguration;
			buildSettings = {
				ASSETCATALOG_COMPILER_APPICON_NAME = AppIcon;
				ASSETCATALOG_COMPILER_GLOBAL_ACCENT_COLOR_NAME = AccentColor;
				CODE_SIGN_STYLE = Automatic;
				DEVELOPMENT_ASSET_PATHS = "\"twitterclone/Preview Content\"";
				DEVELOPMENT_TEAM = 5B74F682NG;
				ENABLE_PREVIEWS = YES;
				INFOPLIST_FILE = twitterclone/App/Info.plist;
				IPHONEOS_DEPLOYMENT_TARGET = 14.0;
				LD_RUNPATH_SEARCH_PATHS = (
					"$(inherited)",
					"@executable_path/Frameworks",
				);
				PRODUCT_BUNDLE_IDENTIFIER = io.syntaks.twitterclone;
				PRODUCT_NAME = "$(TARGET_NAME)";
				SWIFT_VERSION = 5.0;
				TARGETED_DEVICE_FAMILY = "1,2";
			};
			name = Debug;
		};
		E5EE8E5F2652B88500D167F8 /* Release */ = {
			isa = XCBuildConfiguration;
			buildSettings = {
				ASSETCATALOG_COMPILER_APPICON_NAME = AppIcon;
				ASSETCATALOG_COMPILER_GLOBAL_ACCENT_COLOR_NAME = AccentColor;
				CODE_SIGN_STYLE = Automatic;
				DEVELOPMENT_ASSET_PATHS = "\"twitterclone/Preview Content\"";
				DEVELOPMENT_TEAM = 5B74F682NG;
				ENABLE_PREVIEWS = YES;
				INFOPLIST_FILE = twitterclone/App/Info.plist;
				IPHONEOS_DEPLOYMENT_TARGET = 14.0;
				LD_RUNPATH_SEARCH_PATHS = (
					"$(inherited)",
					"@executable_path/Frameworks",
				);
				PRODUCT_BUNDLE_IDENTIFIER = io.syntaks.twitterclone;
				PRODUCT_NAME = "$(TARGET_NAME)";
				SWIFT_VERSION = 5.0;
				TARGETED_DEVICE_FAMILY = "1,2";
			};
			name = Release;
		};
		E5EE8E612652B88500D167F8 /* Debug */ = {
			isa = XCBuildConfiguration;
			buildSettings = {
				ALWAYS_EMBED_SWIFT_STANDARD_LIBRARIES = YES;
				BUNDLE_LOADER = "$(TEST_HOST)";
				CODE_SIGN_STYLE = Automatic;
				DEVELOPMENT_TEAM = 5B74F682NG;
				INFOPLIST_FILE = twittercloneTests/Info.plist;
				IPHONEOS_DEPLOYMENT_TARGET = 14.0;
				LD_RUNPATH_SEARCH_PATHS = (
					"$(inherited)",
					"@executable_path/Frameworks",
					"@loader_path/Frameworks",
				);
				PRODUCT_BUNDLE_IDENTIFIER = io.syntaks.twittercloneTests;
				PRODUCT_NAME = "$(TARGET_NAME)";
				SWIFT_VERSION = 5.0;
				TARGETED_DEVICE_FAMILY = "1,2";
				TEST_HOST = "$(BUILT_PRODUCTS_DIR)/twitterclone.app/twitterclone";
			};
			name = Debug;
		};
		E5EE8E622652B88500D167F8 /* Release */ = {
			isa = XCBuildConfiguration;
			buildSettings = {
				ALWAYS_EMBED_SWIFT_STANDARD_LIBRARIES = YES;
				BUNDLE_LOADER = "$(TEST_HOST)";
				CODE_SIGN_STYLE = Automatic;
				DEVELOPMENT_TEAM = 5B74F682NG;
				INFOPLIST_FILE = twittercloneTests/Info.plist;
				IPHONEOS_DEPLOYMENT_TARGET = 14.0;
				LD_RUNPATH_SEARCH_PATHS = (
					"$(inherited)",
					"@executable_path/Frameworks",
					"@loader_path/Frameworks",
				);
				PRODUCT_BUNDLE_IDENTIFIER = io.syntaks.twittercloneTests;
				PRODUCT_NAME = "$(TARGET_NAME)";
				SWIFT_VERSION = 5.0;
				TARGETED_DEVICE_FAMILY = "1,2";
				TEST_HOST = "$(BUILT_PRODUCTS_DIR)/twitterclone.app/twitterclone";
			};
			name = Release;
		};
		E5EE8E642652B88500D167F8 /* Debug */ = {
			isa = XCBuildConfiguration;
			buildSettings = {
				ALWAYS_EMBED_SWIFT_STANDARD_LIBRARIES = YES;
				CODE_SIGN_STYLE = Automatic;
				DEVELOPMENT_TEAM = 5B74F682NG;
				INFOPLIST_FILE = twittercloneUITests/Info.plist;
				LD_RUNPATH_SEARCH_PATHS = (
					"$(inherited)",
					"@executable_path/Frameworks",
					"@loader_path/Frameworks",
				);
				PRODUCT_BUNDLE_IDENTIFIER = io.syntaks.twittercloneUITests;
				PRODUCT_NAME = "$(TARGET_NAME)";
				SWIFT_VERSION = 5.0;
				TARGETED_DEVICE_FAMILY = "1,2";
				TEST_TARGET_NAME = twitterclone;
			};
			name = Debug;
		};
		E5EE8E652652B88500D167F8 /* Release */ = {
			isa = XCBuildConfiguration;
			buildSettings = {
				ALWAYS_EMBED_SWIFT_STANDARD_LIBRARIES = YES;
				CODE_SIGN_STYLE = Automatic;
				DEVELOPMENT_TEAM = 5B74F682NG;
				INFOPLIST_FILE = twittercloneUITests/Info.plist;
				LD_RUNPATH_SEARCH_PATHS = (
					"$(inherited)",
					"@executable_path/Frameworks",
					"@loader_path/Frameworks",
				);
				PRODUCT_BUNDLE_IDENTIFIER = io.syntaks.twittercloneUITests;
				PRODUCT_NAME = "$(TARGET_NAME)";
				SWIFT_VERSION = 5.0;
				TARGETED_DEVICE_FAMILY = "1,2";
				TEST_TARGET_NAME = twitterclone;
			};
			name = Release;
		};
/* End XCBuildConfiguration section */

/* Begin XCConfigurationList section */
		E5EE8E332652B88400D167F8 /* Build configuration list for PBXProject "twitterclone" */ = {
			isa = XCConfigurationList;
			buildConfigurations = (
				E5EE8E5B2652B88500D167F8 /* Debug */,
				E5EE8E5C2652B88500D167F8 /* Release */,
			);
			defaultConfigurationIsVisible = 0;
			defaultConfigurationName = Release;
		};
		E5EE8E5D2652B88500D167F8 /* Build configuration list for PBXNativeTarget "twitterclone" */ = {
			isa = XCConfigurationList;
			buildConfigurations = (
				E5EE8E5E2652B88500D167F8 /* Debug */,
				E5EE8E5F2652B88500D167F8 /* Release */,
			);
			defaultConfigurationIsVisible = 0;
			defaultConfigurationName = Release;
		};
		E5EE8E602652B88500D167F8 /* Build configuration list for PBXNativeTarget "twittercloneTests" */ = {
			isa = XCConfigurationList;
			buildConfigurations = (
				E5EE8E612652B88500D167F8 /* Debug */,
				E5EE8E622652B88500D167F8 /* Release */,
			);
			defaultConfigurationIsVisible = 0;
			defaultConfigurationName = Release;
		};
		E5EE8E632652B88500D167F8 /* Build configuration list for PBXNativeTarget "twittercloneUITests" */ = {
			isa = XCConfigurationList;
			buildConfigurations = (
				E5EE8E642652B88500D167F8 /* Debug */,
				E5EE8E652652B88500D167F8 /* Release */,
			);
			defaultConfigurationIsVisible = 0;
			defaultConfigurationName = Release;
		};
/* End XCConfigurationList section */

/* Begin XCRemoteSwiftPackageReference section */
		E50C13802654A10200CF3444 /* XCRemoteSwiftPackageReference "firebase-ios-sdk" */ = {
			isa = XCRemoteSwiftPackageReference;
			repositoryURL = "https://github.com/firebase/firebase-ios-sdk.git";
			requirement = {
				kind = upToNextMajorVersion;
				minimumVersion = 8.0.0;
			};
		};
		E50C138E2654C36900CF3444 /* XCRemoteSwiftPackageReference "Kingfisher" */ = {
			isa = XCRemoteSwiftPackageReference;
			repositoryURL = "https://github.com/onevcat/Kingfisher.git";
			requirement = {
				kind = upToNextMajorVersion;
				minimumVersion = 6.3.0;
			};
		};
/* End XCRemoteSwiftPackageReference section */

/* Begin XCSwiftPackageProductDependency section */
		E50C13812654A10200CF3444 /* FirebaseFunctions */ = {
			isa = XCSwiftPackageProductDependency;
			package = E50C13802654A10200CF3444 /* XCRemoteSwiftPackageReference "firebase-ios-sdk" */;
			productName = FirebaseFunctions;
		};
		E50C13832654A10200CF3444 /* FirebaseStorage */ = {
			isa = XCSwiftPackageProductDependency;
			package = E50C13802654A10200CF3444 /* XCRemoteSwiftPackageReference "firebase-ios-sdk" */;
			productName = FirebaseStorage;
		};
		E50C13852654A10200CF3444 /* FirebaseAuth */ = {
			isa = XCSwiftPackageProductDependency;
			package = E50C13802654A10200CF3444 /* XCRemoteSwiftPackageReference "firebase-ios-sdk" */;
			productName = FirebaseAuth;
		};
		E50C13872654A10200CF3444 /* FirebaseFirestore */ = {
			isa = XCSwiftPackageProductDependency;
			package = E50C13802654A10200CF3444 /* XCRemoteSwiftPackageReference "firebase-ios-sdk" */;
			productName = FirebaseFirestore;
		};
		E50C138F2654C36900CF3444 /* Kingfisher */ = {
			isa = XCSwiftPackageProductDependency;
			package = E50C138E2654C36900CF3444 /* XCRemoteSwiftPackageReference "Kingfisher" */;
			productName = Kingfisher;
		};
/* End XCSwiftPackageProductDependency section */
	};
	rootObject = E5EE8E302652B88400D167F8 /* Project object */;
}
